# THIS IS AN AUTOGENERATED FILE. DO NOT EDIT THIS FILE DIRECTLY.
# yarn lockfile v1


abbrev@1:
  version "1.1.1"
  resolved "https://registry.yarnpkg.com/abbrev/-/abbrev-1.1.1.tgz#f8f2c887ad10bf67f634f005b6987fed3179aac8"
  integrity sha512-nne9/IiQ/hzIhY6pdDnbBtz7DjPTKrY00P/zvPSm5pOFkl6xuGrGnXn/VtTNNfNtAfZ9/1RtehkszU9qcTii0Q==

ajv@^6.5.5:
  version "6.12.3"
  resolved "https://registry.yarnpkg.com/ajv/-/ajv-6.12.3.tgz#18c5af38a111ddeb4f2697bd78d68abc1cabd706"
  integrity sha512-4K0cK3L1hsqk9xIb2z9vs/XU+PGJZ9PNpJRDS9YLzmNdX6jmVPfamLvTJr0aDAusnHyCHO6MjzlkAsgtqp9teA==
  dependencies:
    fast-deep-equal "^3.1.1"
    fast-json-stable-stringify "^2.0.0"
    json-schema-traverse "^0.4.1"
    uri-js "^4.2.2"

android-versions@^1.2.1:
  version "1.5.0"
  resolved "https://registry.yarnpkg.com/android-versions/-/android-versions-1.5.0.tgz#7790bc74e0812aafd69fb1ad0cb4db4474a525d6"
  integrity sha512-/GWUAqa2OJNlDF5VGSe3SR1QMHEPXxx54Ur56r0qQC0H9FlBr7kyBF2SgVEhzFCPbrW4UcYgVuWrq/2Ty3QvXg==
  dependencies:
    semver "^5.4.1"

ansi@^0.3.1:
  version "0.3.1"
  resolved "https://registry.yarnpkg.com/ansi/-/ansi-0.3.1.tgz#0c42d4fb17160d5a9af1e484bace1c66922c1b21"
  integrity sha1-DELU+xcWDVqa8eSEus4cZpIsGyE=

asn1@~0.2.3:
  version "0.2.4"
  resolved "https://registry.yarnpkg.com/asn1/-/asn1-0.2.4.tgz#8d2475dfab553bb33e77b54e59e880bb8ce23136"
  integrity sha512-jxwzQpLQjSmWXgwaCZE9Nz+glAG01yF1QnWgbhGwHI5A6FRIEY6IVqtHhIepHqI7/kyEyQEagBC5mBEFlIYvdg==
  dependencies:
    safer-buffer "~2.1.0"

assert-plus@1.0.0, assert-plus@^1.0.0:
  version "1.0.0"
  resolved "https://registry.yarnpkg.com/assert-plus/-/assert-plus-1.0.0.tgz#f12e0f3c5d77b0b1cdd9146942e4e96c1e4dd525"
  integrity sha1-8S4PPF13sLHN2RRpQuTpbB5N1SU=

asynckit@^0.4.0:
  version "0.4.0"
  resolved "https://registry.yarnpkg.com/asynckit/-/asynckit-0.4.0.tgz#c79ed97f7f34cb8f2ba1bc9790bcc366474b4b79"
  integrity sha1-x57Zf380y48robyXkLzDZkdLS3k=

aws-sign2@~0.7.0:
  version "0.7.0"
  resolved "https://registry.yarnpkg.com/aws-sign2/-/aws-sign2-0.7.0.tgz#b46e890934a9591f2d2f6f86d7e6a9f1b3fe76a8"
  integrity sha1-tG6JCTSpWR8tL2+G1+ap8bP+dqg=

aws4@^1.8.0:
  version "1.10.0"
  resolved "https://registry.yarnpkg.com/aws4/-/aws4-1.10.0.tgz#a17b3a8ea811060e74d47d306122400ad4497ae2"
  integrity sha512-3YDiu347mtVtjpyV3u5kVqQLP242c06zwDOgpeRnybmXlYYsLbtTrUBUm8i8srONt+FWobl5aibnU1030PeeuA==

balanced-match@^1.0.0:
  version "1.0.0"
  resolved "https://registry.yarnpkg.com/balanced-match/-/balanced-match-1.0.0.tgz#89b4d199ab2bee49de164ea02b89ce462d71b767"
  integrity sha1-ibTRmasr7kneFk6gK4nORi1xt2c=

base64-js@1.1.2:
  version "1.1.2"
  resolved "https://registry.yarnpkg.com/base64-js/-/base64-js-1.1.2.tgz#d6400cac1c4c660976d90d07a04351d89395f5e8"
  integrity sha1-1kAMrBxMZgl22Q0HoENR2JOV9eg=

base64-js@1.2.0:
  version "1.2.0"
  resolved "https://registry.yarnpkg.com/base64-js/-/base64-js-1.2.0.tgz#a39992d723584811982be5e290bb6a53d86700f1"
  integrity sha1-o5mS1yNYSBGYK+XikLtqU9hnAPE=

base64-js@^1.2.3:
  version "1.3.1"
  resolved "https://registry.yarnpkg.com/base64-js/-/base64-js-1.3.1.tgz#58ece8cb75dd07e71ed08c736abc5fac4dbf8df1"
  integrity sha512-mLQ4i2QO1ytvGWFWmcngKO//JXAQueZvwEKtjgQFM4jIK0kU+ytMfplL8j+n5mspOfjHwoAg+9yhb7BwAHm36g==

bcrypt-pbkdf@^1.0.0:
  version "1.0.2"
  resolved "https://registry.yarnpkg.com/bcrypt-pbkdf/-/bcrypt-pbkdf-1.0.2.tgz#a4301d389b6a43f9b67ff3ca11a3f6637e360e9e"
  integrity sha1-pDAdOJtqQ/m2f/PKEaP2Y342Dp4=
  dependencies:
    tweetnacl "^0.14.3"

big-integer@^1.6.44, big-integer@^1.6.7:
  version "1.6.48"
  resolved "https://registry.yarnpkg.com/big-integer/-/big-integer-1.6.48.tgz#8fd88bd1632cba4a1c8c3e3d7159f08bb95b4b9e"
  integrity sha512-j51egjPa7/i+RdiRuJbPdJ2FIUYYPhvYLjzoYbcMMm62ooO6F94fETG4MTs46zPAF9Brs04OajboA/qTGuz78w==

bplist-creator@0.0.7:
  version "0.0.7"
  resolved "https://registry.yarnpkg.com/bplist-creator/-/bplist-creator-0.0.7.tgz#37df1536092824b87c42f957b01344117372ae45"
  integrity sha1-N98VNgkoJLh8QvlXsBNEEXNyrkU=
  dependencies:
    stream-buffers "~2.2.0"

bplist-creator@0.0.8:
  version "0.0.8"
  resolved "https://registry.yarnpkg.com/bplist-creator/-/bplist-creator-0.0.8.tgz#56b2a6e79e9aec3fc33bf831d09347d73794e79c"
  integrity sha512-Za9JKzD6fjLC16oX2wsXfc+qBEhJBJB1YPInoAQpMLhDuj5aVOv1baGeIQSq1Fr3OCqzvsoQcSBSwGId/Ja2PA==
  dependencies:
    stream-buffers "~2.2.0"

bplist-parser@0.1.1, bplist-parser@^0.1.0:
  version "0.1.1"
  resolved "https://registry.yarnpkg.com/bplist-parser/-/bplist-parser-0.1.1.tgz#d60d5dcc20cba6dc7e1f299b35d3e1f95dafbae6"
  integrity sha1-1g1dzCDLptx+HymbNdPh+V2vuuY=
  dependencies:
    big-integer "^1.6.7"

bplist-parser@0.2.0:
  version "0.2.0"
  resolved "https://registry.yarnpkg.com/bplist-parser/-/bplist-parser-0.2.0.tgz#43a9d183e5bf9d545200ceac3e712f79ebbe8d0e"
  integrity sha512-z0M+byMThzQmD9NILRniCUXYsYpjwnlO8N5uCFaCqIOpqRsJCrQL9NK3JsD67CN5a08nF5oIL2bD6loTdHOuKw==
  dependencies:
    big-integer "^1.6.44"

bplist-parser@^0.0.6:
  version "0.0.6"
  resolved "https://registry.yarnpkg.com/bplist-parser/-/bplist-parser-0.0.6.tgz#38da3471817df9d44ab3892e27707bbbd75a11b9"
  integrity sha1-ONo0cYF9+dRKs4kuJ3B7u9daEbk=

brace-expansion@^1.1.7:
  version "1.1.11"
  resolved "https://registry.yarnpkg.com/brace-expansion/-/brace-expansion-1.1.11.tgz#3c7fcbf529d87226f3d2f52b966ff5271eb441dd"
  integrity sha512-iCuPHDFgrHX7H2vEI/5xpz07zSHB00TpugqhmYtVmMO6518mCuRMoOYFldEBl0g187ufozdaHgWKcYFb61qGiA==
  dependencies:
    balanced-match "^1.0.0"
    concat-map "0.0.1"

branch-cordova-sdk@^3.1.0:
  version "3.4.0"
  resolved "https://registry.yarnpkg.com/branch-cordova-sdk/-/branch-cordova-sdk-3.4.0.tgz#957d9c7d95a4a8c348f961465ee2a809b3079a4a"
  integrity sha512-4dBJJtMp78Yt2r/EfcwYQKCA5B3XHopZQ0BdWf/SFChUoi0fq4Co18xBvxR8WEG4WAi2iOOwc2kTtbLx20CpbA==
  dependencies:
    fs "0.0.1-security"
    glob "^7.1.4"
    mkpath "^1.0.0"
    node-version-compare "^1.0.1"
    plist "^3.0.1"
    request "^2.85.0"
    shelljs "^0.8.3"
    xcode "^2.0.0"
    xml2js "^0.4.19"

caseless@~0.12.0:
  version "0.12.0"
  resolved "https://registry.yarnpkg.com/caseless/-/caseless-0.12.0.tgz#1b681c21ff84033c826543090689420d187151dc"
  integrity sha1-G2gcIf+EAzyCZUMJBolCDRhxUdw=

combined-stream@^1.0.6, combined-stream@~1.0.6:
  version "1.0.8"
  resolved "https://registry.yarnpkg.com/combined-stream/-/combined-stream-1.0.8.tgz#c3d45a8b34fd730631a110a8a2520682b31d5a7f"
  integrity sha512-FQN4MRfuJeHf7cBbBMJFXhKSDq+2kAArBlmRBvcvFE5BB1HZKXtSFASDhdlz9zOYwxh8lDdnvmMOe/+5cdoEdg==
  dependencies:
    delayed-stream "~1.0.0"

concat-map@0.0.1:
  version "0.0.1"
  resolved "https://registry.yarnpkg.com/concat-map/-/concat-map-0.0.1.tgz#d8a96bd77fd68df7793a73036a3ba0d5405d477b"
  integrity sha1-2Klr13/Wjfd5OnMDajug1UBdR3s=

cordova-android@^6.4.0:
  version "6.4.0"
  resolved "https://registry.yarnpkg.com/cordova-android/-/cordova-android-6.4.0.tgz#54ae8da5728a8d7e5efcc6172d3dcca17bc7fe7d"
  integrity sha1-VK6NpXKKjX5e/MYXLT3MoXvH/n0=
  dependencies:
    android-versions "^1.2.1"
    cordova-common "^2.1.0"
    elementtree "0.1.6"
    nopt "^3.0.1"
    properties-parser "^0.2.3"
    q "^1.4.1"
    shelljs "^0.5.3"

cordova-clipboard@^1.2.1:
  version "1.3.0"
  resolved "https://registry.yarnpkg.com/cordova-clipboard/-/cordova-clipboard-1.3.0.tgz#0911da4cbdea5df2e3a769f5b3aab00e0be0e679"
  integrity sha512-IGk4LZm/DJ0Xk/jgakHm4wa+A/lrRP3QfzMAHDG7oWLJS4ISOpfI32Wez4ndnENItRslGyBVyJyKD83CxELCAw==

cordova-common@2.2.5, cordova-common@^2.1.0:
  version "2.2.5"
  resolved "https://registry.yarnpkg.com/cordova-common/-/cordova-common-2.2.5.tgz#f93cef2ad494cfcbf56c46e3d612aaa9cb5fcc32"
  integrity sha1-+TzvKtSUz8v1bEbj1hKqqctfzDI=
  dependencies:
    ansi "^0.3.1"
    bplist-parser "^0.1.0"
    cordova-registry-mapper "^1.1.8"
    elementtree "0.1.6"
    glob "^5.0.13"
    minimatch "^3.0.0"
    plist "^2.1.0"
    q "^1.4.1"
    shelljs "^0.5.3"
    underscore "^1.8.3"
    unorm "^1.3.3"

cordova-ios@^4.5.5:
  version "4.5.5"
  resolved "https://registry.yarnpkg.com/cordova-ios/-/cordova-ios-4.5.5.tgz#af73dab0650ea8a38fff0e7863fde5fc7bad753c"
  integrity sha512-3+30m2dZ2yii7kg+H7cgpdpkXpMj54zoX5imjGGG4Z7dPXKmalTLc/9rLq+Iaa+Q1BqyOrUFaHopWOODRU6vCg==
  dependencies:
    base64-js "1.2.0"
    cordova-common "2.2.5"
    elementtree "0.1.6"
    glob "5.0.15"
    ios-sim "6.1.3"
    nopt "3.0.6"
    plist "2.1.0"
    q "1.5.1"
    sax "0.3.5"
    shelljs "0.5.3"
    simple-plist "0.2.1"
    stream-buffers "2.2.0"
    tail "0.4.0"
    uuid "3.0.1"
    xcode "0.9.3"
    xml-escape "1.1.0"
    xmlbuilder "8.2.2"

cordova-plugin-android-fingerprint-auth@^1.4.5:
  version "1.5.0"
  resolved "https://registry.yarnpkg.com/cordova-plugin-android-fingerprint-auth/-/cordova-plugin-android-fingerprint-auth-1.5.0.tgz#bdfc0b1022de85d416784769af022361fb7b8ea0"
  integrity sha512-EozuBxIAo7rnIZajSWJIN8Re0KdExSlH9kxUqhYVUExzB4jQDm+JO2qcSGulXcoGsabqRgqR8XRuaoa+h+XSBQ==

cordova-plugin-app-version@^0.1.9:
  version "0.1.9"
  resolved "https://registry.yarnpkg.com/cordova-plugin-app-version/-/cordova-plugin-app-version-0.1.9.tgz#9db0607863337a710489302e5f50a904f1449bdb"
  integrity sha1-nbBgeGMzenEEiTAuX1CpBPFEm9s=

cordova-plugin-compat@^1.2.0:
  version "1.2.0"
  resolved "https://registry.yarnpkg.com/cordova-plugin-compat/-/cordova-plugin-compat-1.2.0.tgz#0bc65757276ebd920c012ce920e274177576373e"
  integrity sha1-C8ZXVyduvZIMASzpIOJ0F3V2Nz4=

cordova-plugin-contacts@^2.3.1:
  version "2.3.1"
  resolved "https://registry.yarnpkg.com/cordova-plugin-contacts/-/cordova-plugin-contacts-2.3.1.tgz#3d143685857120af89731ba9a1b73d50079259d2"
  integrity sha1-PRQ2hYVxIK+Jcxupobc9UAeSWdI=

cordova-plugin-device@^1.1.7:
  version "1.1.7"
  resolved "https://registry.yarnpkg.com/cordova-plugin-device/-/cordova-plugin-device-1.1.7.tgz#fc94111be6932628c66868938ddf3dc82c9fbfe6"
  integrity sha1-/JQRG+aTJijGaGiTjd89yCyfv+Y=

cordova-plugin-fcm@^2.1.2:
  version "2.1.2"
  resolved "https://registry.yarnpkg.com/cordova-plugin-fcm/-/cordova-plugin-fcm-2.1.2.tgz#5f2f7c12c16556d21d3021e7d3ad89e215825747"
  integrity sha1-Xy98EsFlVtIdMCHn062J4hWCV0c=

cordova-plugin-file@^6.0.1:
  version "6.0.2"
  resolved "https://registry.yarnpkg.com/cordova-plugin-file/-/cordova-plugin-file-6.0.2.tgz#f3911479f8357e9aacb5576674f8d95b31a1fb20"
  integrity sha512-m7cughw327CjONN/qjzsTpSesLaeybksQh420/gRuSXJX5Zt9NfgsSbqqKDon6jnQ9Mm7h7imgyO2uJ34XMBtA==

cordova-plugin-inappbrowser@^1.7.2:
  version "1.7.2"
  resolved "https://registry.yarnpkg.com/cordova-plugin-inappbrowser/-/cordova-plugin-inappbrowser-1.7.2.tgz#64763495be87eb2e7adb1a08f0209b96ea5ceee0"
  integrity sha1-ZHY0lb6H6y562xoI8CCblupc7uA=

cordova-plugin-ionic-webview@^4.1.3:
  version "4.2.1"
  resolved "https://registry.yarnpkg.com/cordova-plugin-ionic-webview/-/cordova-plugin-ionic-webview-4.2.1.tgz#42a67bef248472659d421494feb8245ef27becfa"
  integrity sha512-7KrmqLaOGq1RP8N2z1ezN1kqkWFzTwwMvQ3/qAkd+exxFZuOe3DIN4eaU1gdNphsxdirI8Ajnr9q4So5vQbWqw==

cordova-plugin-splashscreen@^5.0.2:
  version "5.0.4"
  resolved "https://registry.yarnpkg.com/cordova-plugin-splashscreen/-/cordova-plugin-splashscreen-5.0.4.tgz#1bb6fc2d0d5a55cb987e35af554a2693f80abc39"
  integrity sha512-zmyhBrObNuwDH4KB4zuZrJ9IKC113EM6KJpqC0/2f3o9GRznPk1S4j9O9rosJT4EASg4X3hdssv9XkAH3D5ZYg==

cordova-plugin-statusbar@^2.4.2:
  version "2.4.3"
  resolved "https://registry.yarnpkg.com/cordova-plugin-statusbar/-/cordova-plugin-statusbar-2.4.3.tgz#cc557aef66c27484e0f7f045004040d03321f82d"
  integrity sha512-ThmXzl6QIKWFXf4wWw7Q/zpB+VKkz3VM958+5A0sXD4jmR++u7KnGttLksXshVwWr6lvGwUebLYtIyXwS4Ovcg==

cordova-plugin-touch-id@^3.3.1:
  version "3.4.0"
  resolved "https://registry.yarnpkg.com/cordova-plugin-touch-id/-/cordova-plugin-touch-id-3.4.0.tgz#83927dcaf9c2ba61bc184e4a9c0675afa940946d"
  integrity sha512-2rHwAngECGcIiYCSGDtduwisGCcmGbV++fMfOuoiXLdc0hd6uj9kmR3EWBtKF2/q4erZnl+5+u+0tFIFSprGzA==

cordova-plugin-whitelist@^1.3.3:
  version "1.3.4"
  resolved "https://registry.yarnpkg.com/cordova-plugin-whitelist/-/cordova-plugin-whitelist-1.3.4.tgz#31938545c7c3e7de35c20ab08c2c3afa06e8a3f9"
  integrity sha512-EYC5eQFVkoYXq39l7tYKE6lEjHJ04mvTmKXxGL7quHLdFPfJMNzru/UYpn92AOfpl3PQaZmou78C7EgmFOwFQQ==

cordova-plugin-x-socialsharing@^5.4.1:
  version "5.6.8"
  resolved "https://registry.yarnpkg.com/cordova-plugin-x-socialsharing/-/cordova-plugin-x-socialsharing-5.6.8.tgz#81993336fa4260eb76a23ed1680cd63e1c72b040"
  integrity sha512-R31ZQq00YNzLBwUM4VTE/uKhh/T0GEMuz/MZOw/Pu5AYIAAQkd7EMqFVhMtKs7wfHl1koiRz8+6nLDb19r2tBQ==

cordova-registry-mapper@^1.1.8:
  version "1.1.15"
  resolved "https://registry.yarnpkg.com/cordova-registry-mapper/-/cordova-registry-mapper-1.1.15.tgz#e244b9185b8175473bff6079324905115f83dc7c"
  integrity sha1-4kS5GFuBdUc7/2B5MkkFEV+D3Hw=

cordova.plugins.diagnostic@^3.9.2:
  version "3.9.2"
  resolved "https://registry.yarnpkg.com/cordova.plugins.diagnostic/-/cordova.plugins.diagnostic-3.9.2.tgz#141012feafbb5fb3e844d928582a4ae06bb3816c"
  integrity sha1-FBAS/q+7X7PoRNkoWCpK4GuzgWw=

core-util-is@1.0.2:
  version "1.0.2"
  resolved "https://registry.yarnpkg.com/core-util-is/-/core-util-is-1.0.2.tgz#b5fd54220aa2bc5ab57aab7140c940754503c1a7"
  integrity sha1-tf1UIgqivFq1eqtxQMlAdUUDwac=

dashdash@^1.12.0:
  version "1.14.1"
  resolved "https://registry.yarnpkg.com/dashdash/-/dashdash-1.14.1.tgz#853cfa0f7cbe2fed5de20326b8dd581035f6e2f0"
  integrity sha1-hTz6D3y+L+1d4gMmuN1YEDX24vA=
  dependencies:
    assert-plus "^1.0.0"

delayed-stream@~1.0.0:
  version "1.0.0"
  resolved "https://registry.yarnpkg.com/delayed-stream/-/delayed-stream-1.0.0.tgz#df3ae199acadfb7d440aaae0b29e2272b24ec619"
  integrity sha1-3zrhmayt+31ECqrgsp4icrJOxhk=

ecc-jsbn@~0.1.1:
  version "0.1.2"
  resolved "https://registry.yarnpkg.com/ecc-jsbn/-/ecc-jsbn-0.1.2.tgz#3a83a904e54353287874c564b7549386849a98c9"
  integrity sha1-OoOpBOVDUyh4dMVkt1SThoSamMk=
  dependencies:
    jsbn "~0.1.0"
    safer-buffer "^2.1.0"

elementtree@0.1.6:
  version "0.1.6"
  resolved "https://registry.yarnpkg.com/elementtree/-/elementtree-0.1.6.tgz#2ac4c46ea30516c8c4cbdb5e3ac7418e592de20c"
  integrity sha1-KsTEbqMFFsjEy9teOsdBjlkt4gw=
  dependencies:
    sax "0.3.5"

es6-promise-plugin@^4.2.2:
  version "4.2.2"
  resolved "https://registry.yarnpkg.com/es6-promise-plugin/-/es6-promise-plugin-4.2.2.tgz#cfa0cc1383d91f999a62a2bbf4bd97bec305e0ac"
  integrity sha512-uoA4aVplXI9oqUYJFBAVRwAqIN9/n9JgrTAUGX3qPbnSZVE5yY1+6/MsoN5f4xsaPO62WjPHOdtts6okMN6tNA==

extend@~3.0.2:
  version "3.0.2"
  resolved "https://registry.yarnpkg.com/extend/-/extend-3.0.2.tgz#f8b1136b4071fbd8eb140aff858b1019ec2915fa"
  integrity sha512-fjquC59cD7CyW6urNXK0FBufkZcoiGG80wTuPujX590cB5Ttln20E2UB4S/WARVqhXffZl2LNgS+gQdPIIim/g==

extsprintf@1.3.0:
  version "1.3.0"
  resolved "https://registry.yarnpkg.com/extsprintf/-/extsprintf-1.3.0.tgz#96918440e3041a7a414f8c52e3c574eb3c3e1e05"
  integrity sha1-lpGEQOMEGnpBT4xS48V06zw+HgU=

extsprintf@^1.2.0:
  version "1.4.0"
  resolved "https://registry.yarnpkg.com/extsprintf/-/extsprintf-1.4.0.tgz#e2689f8f356fad62cca65a3a91c5df5f9551692f"
  integrity sha1-4mifjzVvrWLMplo6kcXfX5VRaS8=

fast-deep-equal@^3.1.1:
  version "3.1.3"
  resolved "https://registry.yarnpkg.com/fast-deep-equal/-/fast-deep-equal-3.1.3.tgz#3a7d56b559d6cbc3eb512325244e619a65c6c525"
  integrity sha512-f3qQ9oQy9j2AhBe/H9VC91wLmKBCCU/gDOnKNAYG5hswO7BLKj09Hc5HYNz9cGI++xlpDCIgDaitVs03ATR84Q==

fast-json-stable-stringify@^2.0.0:
  version "2.1.0"
  resolved "https://registry.yarnpkg.com/fast-json-stable-stringify/-/fast-json-stable-stringify-2.1.0.tgz#874bf69c6f404c2b5d99c481341399fd55892633"
  integrity sha512-lhd/wF+Lk98HZoTCtlVraHtfh5XYijIjalXck7saUtuanSDyLMxnHhSXEDJqHxD7msR8D0uCmqlkwjCV8xvwHw==

forever-agent@~0.6.1:
  version "0.6.1"
  resolved "https://registry.yarnpkg.com/forever-agent/-/forever-agent-0.6.1.tgz#fbc71f0c41adeb37f96c577ad1ed42d8fdacca91"
  integrity sha1-+8cfDEGt6zf5bFd60e1C2P2sypE=

form-data@~2.3.2:
  version "2.3.3"
  resolved "https://registry.yarnpkg.com/form-data/-/form-data-2.3.3.tgz#dcce52c05f644f298c6a7ab936bd724ceffbf3a6"
  integrity sha512-1lLKB2Mu3aGP1Q/2eCOx0fNbRMe7XdwktwOruhfqqd0rIJWwN4Dh+E3hrPSlDCXnSR7UtZ1N38rVXm+6+MEhJQ==
  dependencies:
    asynckit "^0.4.0"
    combined-stream "^1.0.6"
    mime-types "^2.1.12"

fs.realpath@^1.0.0:
  version "1.0.0"
  resolved "https://registry.yarnpkg.com/fs.realpath/-/fs.realpath-1.0.0.tgz#1504ad2523158caa40db4a2787cb01411994ea4f"
  integrity sha1-FQStJSMVjKpA20onh8sBQRmU6k8=

fs@0.0.1-security:
  version "0.0.1-security"
  resolved "https://registry.yarnpkg.com/fs/-/fs-0.0.1-security.tgz#8a7bd37186b6dddf3813f23858b57ecaaf5e41d4"
  integrity sha1-invTcYa23d84E/I4WLV+yq9eQdQ=

getpass@^0.1.1:
  version "0.1.7"
  resolved "https://registry.yarnpkg.com/getpass/-/getpass-0.1.7.tgz#5eff8e3e684d569ae4cb2b1282604e8ba62149fa"
  integrity sha1-Xv+OPmhNVprkyysSgmBOi6YhSfo=
  dependencies:
    assert-plus "^1.0.0"

glob@5.0.15, glob@^5.0.13:
  version "5.0.15"
  resolved "https://registry.yarnpkg.com/glob/-/glob-5.0.15.tgz#1bc936b9e02f4a603fcc222ecf7633d30b8b93b1"
  integrity sha1-G8k2ueAvSmA/zCIuz3Yz0wuLk7E=
  dependencies:
    inflight "^1.0.4"
    inherits "2"
    minimatch "2 || 3"
    once "^1.3.0"
    path-is-absolute "^1.0.0"

glob@^7.0.0, glob@^7.1.4:
  version "7.1.6"
  resolved "https://registry.yarnpkg.com/glob/-/glob-7.1.6.tgz#141f33b81a7c2492e125594307480c46679278a6"
  integrity sha512-LwaxwyZ72Lk7vZINtNNrywX0ZuLyStrdDtabefZKAY5ZGJhVtgdznluResxNmPitE0SAO+O26sWTHeKSI2wMBA==
  dependencies:
    fs.realpath "^1.0.0"
    inflight "^1.0.4"
    inherits "2"
    minimatch "^3.0.4"
    once "^1.3.0"
    path-is-absolute "^1.0.0"

har-schema@^2.0.0:
  version "2.0.0"
  resolved "https://registry.yarnpkg.com/har-schema/-/har-schema-2.0.0.tgz#a94c2224ebcac04782a0d9035521f24735b7ec92"
  integrity sha1-qUwiJOvKwEeCoNkDVSHyRzW37JI=

har-validator@~5.1.3:
  version "5.1.3"
  resolved "https://registry.yarnpkg.com/har-validator/-/har-validator-5.1.3.tgz#1ef89ebd3e4996557675eed9893110dc350fa080"
  integrity sha512-sNvOCzEQNr/qrvJgc3UG/kD4QtlHycrzwS+6mfTrrSq97BvaYcPZZI1ZSqGSPR73Cxn4LKTD4PttRwfU7jWq5g==
  dependencies:
    ajv "^6.5.5"
    har-schema "^2.0.0"

http-signature@~1.2.0:
  version "1.2.0"
  resolved "https://registry.yarnpkg.com/http-signature/-/http-signature-1.2.0.tgz#9aecd925114772f3d95b65a60abb8f7c18fbace1"
  integrity sha1-muzZJRFHcvPZW2WmCruPfBj7rOE=
  dependencies:
    assert-plus "^1.0.0"
    jsprim "^1.2.2"
    sshpk "^1.7.0"

inflight@^1.0.4:
  version "1.0.6"
  resolved "https://registry.yarnpkg.com/inflight/-/inflight-1.0.6.tgz#49bd6331d7d02d0c09bc910a1075ba8165b56df9"
  integrity sha1-Sb1jMdfQLQwJvJEKEHW6gWW1bfk=
  dependencies:
    once "^1.3.0"
    wrappy "1"

inherits@2:
  version "2.0.4"
  resolved "https://registry.yarnpkg.com/inherits/-/inherits-2.0.4.tgz#0fa2c64f932917c3433a0ded55363aae37416b7c"
  integrity sha512-k/vGaX4/Yla3WzyMCvTQOXYeIHvqOKtnqBduzTHpzpQZzAskKMhZ2K+EnBiSM9zGSoIFeMpXKxa4dYeZIQqewQ==

interpret@^1.0.0:
  version "1.4.0"
  resolved "https://registry.yarnpkg.com/interpret/-/interpret-1.4.0.tgz#665ab8bc4da27a774a40584e812e3e0fa45b1a1e"
  integrity sha512-agE4QfB2Lkp9uICn7BAqoscw4SZP9kTE2hxiFI3jBPmXJfdqiahTbUuKGsMoN2GtqL9AxhYioAcVvgsb1HvRbA==

ionic-plugin-keyboard@^2.2.1:
  version "2.2.1"
  resolved "https://registry.yarnpkg.com/ionic-plugin-keyboard/-/ionic-plugin-keyboard-2.2.1.tgz#f2a9e169bbe9b5522400347c9fd6d3467ee3fa12"
  integrity sha1-8qnhabvptVIkADR8n9bTRn7j+hI=

ios-sim@6.1.3:
  version "6.1.3"
  resolved "https://registry.yarnpkg.com/ios-sim/-/ios-sim-6.1.3.tgz#4ca2c63f8beea01b21f92a4fb9fa125b3afeb00c"
  integrity sha512-xnpRKFH8ytVuSs+qlfBttVjNqFRovONT+K940518eVXWC151AJbzC6L0TCGnxyMPF5ghVCGcyGterfMOJKVb3w==
  dependencies:
    bplist-parser "^0.0.6"
    nopt "1.0.9"
    plist "^2.1.0"
    simctl "^1.1.1"

is-typedarray@~1.0.0:
  version "1.0.0"
  resolved "https://registry.yarnpkg.com/is-typedarray/-/is-typedarray-1.0.0.tgz#e479c80858df0c1b11ddda6940f96011fcda4a9a"
  integrity sha1-5HnICFjfDBsR3dppQPlgEfzaSpo=

isarray@0.0.1:
  version "0.0.1"
  resolved "https://registry.yarnpkg.com/isarray/-/isarray-0.0.1.tgz#8a18acfca9a8f4177e09abfc6038939b05d1eedf"
  integrity sha1-ihis/Kmo9Bd+Cav8YDiTmwXR7t8=

isstream@~0.1.2:
  version "0.1.2"
  resolved "https://registry.yarnpkg.com/isstream/-/isstream-0.1.2.tgz#47e63f7af55afa6f92e1500e690eb8b8529c099a"
  integrity sha1-R+Y/evVa+m+S4VAOaQ64uFKcCZo=

jsbn@~0.1.0:
  version "0.1.1"
  resolved "https://registry.yarnpkg.com/jsbn/-/jsbn-0.1.1.tgz#a5e654c2e5a2deb5f201d96cefbca80c0ef2f513"
  integrity sha1-peZUwuWi3rXyAdls77yoDA7y9RM=

json-schema-traverse@^0.4.1:
  version "0.4.1"
  resolved "https://registry.yarnpkg.com/json-schema-traverse/-/json-schema-traverse-0.4.1.tgz#69f6a87d9513ab8bb8fe63bdb0979c448e684660"
  integrity sha512-xbbCH5dCYU5T8LcEhhuh7HJ88HXuW3qsI3Y0zOZFKfZEHcpWiHU/Jxzk629Brsab/mMiHQti9wMP+845RPe3Vg==

json-schema@0.2.3:
  version "0.2.3"
  resolved "https://registry.yarnpkg.com/json-schema/-/json-schema-0.2.3.tgz#b480c892e59a2f05954ce727bd3f2a4e882f9e13"
  integrity sha1-tIDIkuWaLwWVTOcnvT8qTogvnhM=

json-stringify-safe@~5.0.1:
  version "5.0.1"
  resolved "https://registry.yarnpkg.com/json-stringify-safe/-/json-stringify-safe-5.0.1.tgz#1296a2d58fd45f19a0f6ce01d65701e2c735b6eb"
  integrity sha1-Epai1Y/UXxmg9s4B1lcB4sc1tus=

jsprim@^1.2.2:
  version "1.4.1"
  resolved "https://registry.yarnpkg.com/jsprim/-/jsprim-1.4.1.tgz#313e66bc1e5cc06e438bc1b7499c2e5c56acb6a2"
  integrity sha1-MT5mvB5cwG5Di8G3SZwuXFastqI=
  dependencies:
    assert-plus "1.0.0"
    extsprintf "1.3.0"
    json-schema "0.2.3"
    verror "1.10.0"

mime-db@1.44.0:
  version "1.44.0"
  resolved "https://registry.yarnpkg.com/mime-db/-/mime-db-1.44.0.tgz#fa11c5eb0aca1334b4233cb4d52f10c5a6272f92"
  integrity sha512-/NOTfLrsPBVeH7YtFPgsVWveuL+4SjjYxaQ1xtM1KMFj7HdxlBlxeyNLzhyJVx7r4rZGJAZ/6lkKCitSc/Nmpg==

mime-types@^2.1.12, mime-types@~2.1.19:
  version "2.1.27"
  resolved "https://registry.yarnpkg.com/mime-types/-/mime-types-2.1.27.tgz#47949f98e279ea53119f5722e0f34e529bec009f"
  integrity sha512-JIhqnCasI9yD+SsmkquHBxTSEuZdQX5BuQnS2Vc7puQQQ+8yiP5AY5uWhpdv4YL4VM5c6iliiYWPgJ/nJQLp7w==
  dependencies:
    mime-db "1.44.0"

"minimatch@2 || 3", minimatch@^3.0.0, minimatch@^3.0.4:
  version "3.0.4"
  resolved "https://registry.yarnpkg.com/minimatch/-/minimatch-3.0.4.tgz#5166e286457f03306064be5497e8dbb0c3d32083"
  integrity sha512-yJHVQEhyqPLUTgt9B83PXu6W3rx4MvvHvSUvToogpwoGDOUQ+yDrR0HRot+yOCdCO7u4hX3pWft6kWBBcqh0UA==
  dependencies:
    brace-expansion "^1.1.7"

mkpath@^1.0.0:
  version "1.0.0"
  resolved "https://registry.yarnpkg.com/mkpath/-/mkpath-1.0.0.tgz#ebb3a977e7af1c683ae6fda12b545a6ba6c5853d"
  integrity sha1-67Opd+evHGg65v2hK1Raa6bFhT0=

node-version-compare@^1.0.1:
  version "1.0.2"
  resolved "https://registry.yarnpkg.com/node-version-compare/-/node-version-compare-1.0.2.tgz#a3d8c1073746e3aa494b2190e2b23dfcda64c05a"
  integrity sha512-OVcHSPS3nROlBQXcALptOR0j2lOabC9wE2S+y+Fvr7nSDqoO/LCNzRdVGVovipeHUXs5jAqq7GelWE1X4J1sEw==

nopt@1.0.9:
  version "1.0.9"
  resolved "https://registry.yarnpkg.com/nopt/-/nopt-1.0.9.tgz#3bc0d7cba7bfb0d5a676dbed7c0ebe48a4fd454e"
  integrity sha1-O8DXy6e/sNWmdtvtfA6+SKT9RU4=
  dependencies:
    abbrev "1"

nopt@3.0.6, nopt@^3.0.1:
  version "3.0.6"
  resolved "https://registry.yarnpkg.com/nopt/-/nopt-3.0.6.tgz#c6465dbf08abcd4db359317f79ac68a646b28ff9"
  integrity sha1-xkZdvwirzU2zWTF/eaxopkayj/k=
  dependencies:
    abbrev "1"

oauth-sign@~0.9.0:
  version "0.9.0"
  resolved "https://registry.yarnpkg.com/oauth-sign/-/oauth-sign-0.9.0.tgz#47a7b016baa68b5fa0ecf3dee08a85c679ac6455"
  integrity sha512-fexhUFFPTGV8ybAtSIGbV6gOkSv8UtRbDBnAyLQw4QPKkgNlsH2ByPGtMUqdWkos6YCRmAqViwgZrJc/mRDzZQ==

once@^1.3.0:
  version "1.4.0"
  resolved "https://registry.yarnpkg.com/once/-/once-1.4.0.tgz#583b1aa775961d4b113ac17d9c50baef9dd76bd1"
  integrity sha1-WDsap3WWHUsROsF9nFC6753Xa9E=
  dependencies:
    wrappy "1"

path-is-absolute@^1.0.0:
  version "1.0.1"
  resolved "https://registry.yarnpkg.com/path-is-absolute/-/path-is-absolute-1.0.1.tgz#174b9268735534ffbc7ace6bf53a5a9e1b5c5f5f"
  integrity sha1-F0uSaHNVNP+8es5r9TpanhtcX18=

path-parse@^1.0.6:
  version "1.0.7"
  resolved "https://registry.yarnpkg.com/path-parse/-/path-parse-1.0.7.tgz#fbc114b60ca42b30d9daf5858e4bd68bbedb6735"
  integrity sha512-LDJzPVEEEPR+y48z93A0Ed0yXb8pAByGWo/k5YYdYgpY2/2EsOsksJrq7lOHxryrVOn1ejG6oAp8ahvOIQD8sw==

path-to-regexp@^1.0.1:
  version "1.8.0"
  resolved "https://registry.yarnpkg.com/path-to-regexp/-/path-to-regexp-1.8.0.tgz#887b3ba9d84393e87a0a0b9f4cb756198b53548a"
  integrity sha512-n43JRhlUKUAlibEJhPeir1ncUID16QnEjNpwzNdO3Lm4ywrBpBZ5oLD0I6br9evr1Y9JTqwRtAh7JLoOzAQdVA==
  dependencies:
    isarray "0.0.1"

pegjs@^0.10.0:
  version "0.10.0"
  resolved "https://registry.yarnpkg.com/pegjs/-/pegjs-0.10.0.tgz#cf8bafae6eddff4b5a7efb185269eaaf4610ddbd"
  integrity sha1-z4uvrm7d/0tafvsYUmnqr0YQ3b0=

performance-now@^2.1.0:
  version "2.1.0"
  resolved "https://registry.yarnpkg.com/performance-now/-/performance-now-2.1.0.tgz#6309f4e0e5fa913ec1c69307ae364b4b377c9e7b"
  integrity sha1-Ywn04OX6kT7BxpMHrjZLSzd8nns=

phonegap-plugin-barcodescanner@^7.1.2:
  version "7.1.2"
  resolved "https://registry.yarnpkg.com/phonegap-plugin-barcodescanner/-/phonegap-plugin-barcodescanner-7.1.2.tgz#100b909f2b2deeae96eb73b4f0dce19cb50cb3a3"
  integrity sha512-9jxhXptCUPkD8dnNEjjQTClKrpXc4LjDOGpBuqwxJTSIiVsgv00P8pfmWGNYfyJD9N3yBYYra/X0UexbUKWxtw==

plist@2.0.1:
  version "2.0.1"
  resolved "https://registry.yarnpkg.com/plist/-/plist-2.0.1.tgz#0a32ca9481b1c364e92e18dc55c876de9d01da8b"
  integrity sha1-CjLKlIGxw2TpLhjcVch23p0B2os=
  dependencies:
    base64-js "1.1.2"
    xmlbuilder "8.2.2"
    xmldom "0.1.x"

plist@2.1.0, plist@^2.1.0:
  version "2.1.0"
  resolved "https://registry.yarnpkg.com/plist/-/plist-2.1.0.tgz#57ccdb7a0821df21831217a3cad54e3e146a1025"
  integrity sha1-V8zbeggh3yGDEhejytVOPhRqECU=
  dependencies:
    base64-js "1.2.0"
    xmlbuilder "8.2.2"
    xmldom "0.1.x"

plist@^3.0.1:
  version "3.0.1"
  resolved "https://registry.yarnpkg.com/plist/-/plist-3.0.1.tgz#a9b931d17c304e8912ef0ba3bdd6182baf2e1f8c"
  integrity sha512-GpgvHHocGRyQm74b6FWEZZVRroHKE1I0/BTjAmySaohK+cUn+hZpbqXkc3KWgW3gQYkqcQej35FohcT0FRlkRQ==
  dependencies:
    base64-js "^1.2.3"
    xmlbuilder "^9.0.7"
    xmldom "0.1.x"

properties-parser@^0.2.3:
  version "0.2.3"
  resolved "https://registry.yarnpkg.com/properties-parser/-/properties-parser-0.2.3.tgz#f7591255f707abbff227c7b56b637dbb0373a10f"
  integrity sha1-91kSVfcHq7/yJ8e1a2N9uwNzoQ8=

psl@^1.1.28:
  version "1.8.0"
  resolved "https://registry.yarnpkg.com/psl/-/psl-1.8.0.tgz#9326f8bcfb013adcc005fdff056acce020e51c24"
  integrity sha512-RIdOzyoavK+hA18OGGWDqUTsCLhtA7IcZ/6NCs4fFJaHBDab+pDDmDIByWFRQJq2Cd7r1OoQxBGKOaztq+hjIQ==

punycode@^2.1.0, punycode@^2.1.1:
  version "2.1.1"
  resolved "https://registry.yarnpkg.com/punycode/-/punycode-2.1.1.tgz#b58b010ac40c22c5657616c8d2c2c02c7bf479ec"
  integrity sha512-XRsRjdf+j5ml+y/6GKHPZbrF/8p2Yga0JPtdqTIY2Xe5ohJPD9saDJJLPvp9+NSBprVvevdXZybnj2cv8OEd0A==

q@1.5.1, q@^1.4.1:
  version "1.5.1"
  resolved "https://registry.yarnpkg.com/q/-/q-1.5.1.tgz#7e32f75b41381291d04611f1bf14109ac00651d7"
  integrity sha1-fjL3W0E4EpHQRhHxvxQQmsAGUdc=

qs@~6.5.2:
  version "6.5.2"
  resolved "https://registry.yarnpkg.com/qs/-/qs-6.5.2.tgz#cb3ae806e8740444584ef154ce8ee98d403f3e36"
  integrity sha512-N5ZAX4/LxJmF+7wN74pUD6qAh9/wnvdQcjq9TZjevvXzSUo7bfmw91saqMjzGS2xq91/odN2dW/WOl7qQHNDGA==

rechoir@^0.6.2:
  version "0.6.2"
  resolved "https://registry.yarnpkg.com/rechoir/-/rechoir-0.6.2.tgz#85204b54dba82d5742e28c96756ef43af50e3384"
  integrity sha1-hSBLVNuoLVdC4oyWdW70OvUOM4Q=
  dependencies:
    resolve "^1.1.6"

request@^2.85.0:
  version "2.88.2"
  resolved "https://registry.yarnpkg.com/request/-/request-2.88.2.tgz#d73c918731cb5a87da047e207234146f664d12b3"
  integrity sha512-MsvtOrfG9ZcrOwAW+Qi+F6HbD0CWXEh9ou77uOb7FM2WPhwT7smM833PzanhJLsgXjN89Ir6V2PczXNnMpwKhw==
  dependencies:
    aws-sign2 "~0.7.0"
    aws4 "^1.8.0"
    caseless "~0.12.0"
    combined-stream "~1.0.6"
    extend "~3.0.2"
    forever-agent "~0.6.1"
    form-data "~2.3.2"
    har-validator "~5.1.3"
    http-signature "~1.2.0"
    is-typedarray "~1.0.0"
    isstream "~0.1.2"
    json-stringify-safe "~5.0.1"
    mime-types "~2.1.19"
    oauth-sign "~0.9.0"
    performance-now "^2.1.0"
    qs "~6.5.2"
    safe-buffer "^5.1.2"
    tough-cookie "~2.5.0"
    tunnel-agent "^0.6.0"
    uuid "^3.3.2"

resolve@^1.1.6:
  version "1.17.0"
  resolved "https://registry.yarnpkg.com/resolve/-/resolve-1.17.0.tgz#b25941b54968231cc2d1bb76a79cb7f2c0bf8444"
  integrity sha512-ic+7JYiV8Vi2yzQGFWOkiZD5Z9z7O2Zhm9XMaTxdJExKasieFCr+yXZ/WmXsckHiKl12ar0y6XiXDx3m4RHn1w==
  dependencies:
    path-parse "^1.0.6"

safe-buffer@^5.0.1, safe-buffer@^5.1.2:
  version "5.2.1"
  resolved "https://registry.yarnpkg.com/safe-buffer/-/safe-buffer-5.2.1.tgz#1eaf9fa9bdb1fdd4ec75f58f9cdb4e6b7827eec6"
  integrity sha512-rp3So07KcdmmKbGvgaNxQSJr7bGVSVk5S9Eq1F+ppbRo70+YeaDxkw5Dd8NPN+GD6bjnYm2VuPuCXmpuYvmCXQ==

safer-buffer@^2.0.2, safer-buffer@^2.1.0, safer-buffer@~2.1.0:
  version "2.1.2"
  resolved "https://registry.yarnpkg.com/safer-buffer/-/safer-buffer-2.1.2.tgz#44fa161b0187b9549dd84bb91802f9bd8385cd6a"
  integrity sha512-YZo3K82SD7Riyi0E1EQPojLz7kpepnSQI9IyPbHHg1XXXevb5dJI7tpyN2ADxGcQbHG7vcyRHk0cbwqcQriUtg==

sax@0.3.5:
  version "0.3.5"
  resolved "https://registry.yarnpkg.com/sax/-/sax-0.3.5.tgz#88fcfc1f73c0c8bbd5b7c776b6d3f3501eed073d"
  integrity sha1-iPz8H3PAyLvVt8d2ttPzUB7tBz0=

sax@>=0.6.0:
  version "1.2.4"
  resolved "https://registry.yarnpkg.com/sax/-/sax-1.2.4.tgz#2816234e2378bddc4e5354fab5caa895df7100d9"
  integrity sha512-NqVDv9TpANUjFm0N8uM5GxL36UgKi9/atZw+x7YFnQ8ckwFGKrl4xX4yWtrey3UJm5nP1kUbnYgLopqWNSRhWw==

semver@^5.4.1:
  version "5.7.1"
  resolved "https://registry.yarnpkg.com/semver/-/semver-5.7.1.tgz#a954f931aeba508d307bbf069eff0c01c96116f7"
  integrity sha512-sauaDf/PZdVgrLTNYHRtpXa1iRiKcaebiKQ1BJdpQlWH2lCvexQdX55snPFyK7QzpudqbCI0qXFfOasHdyNDGQ==

serviceworker-cache-polyfill@^4.0.0:
  version "4.0.0"
  resolved "https://registry.yarnpkg.com/serviceworker-cache-polyfill/-/serviceworker-cache-polyfill-4.0.0.tgz#de19ee73bef21ab3c0740a37b33db62464babdeb"
  integrity sha1-3hnuc77yGrPAdAo3sz22JGS6ves=

shelljs@0.5.3, shelljs@^0.5.3:
  version "0.5.3"
  resolved "https://registry.yarnpkg.com/shelljs/-/shelljs-0.5.3.tgz#c54982b996c76ef0c1e6b59fbdc5825f5b713113"
  integrity sha1-xUmCuZbHbvDB5rWfvcWCX1txMRM=

shelljs@^0.2.6:
  version "0.2.6"
  resolved "https://registry.yarnpkg.com/shelljs/-/shelljs-0.2.6.tgz#90492d72ffcc8159976baba62fb0f6884f0c3378"
  integrity sha1-kEktcv/MgVmXa6umL7D2iE8MM3g=

shelljs@^0.8.3:
  version "0.8.4"
  resolved "https://registry.yarnpkg.com/shelljs/-/shelljs-0.8.4.tgz#de7684feeb767f8716b326078a8a00875890e3c2"
  integrity sha512-7gk3UZ9kOfPLIAbslLzyWeGiEqx9e3rxwZM0KE6EL8GlGwjym9Mrlx5/p33bWTu9YG6vcS4MBxYZDHYr5lr8BQ==
  dependencies:
    glob "^7.0.0"
    interpret "^1.0.0"
    rechoir "^0.6.2"

simctl@^1.1.1:
  version "1.1.1"
  resolved "https://registry.yarnpkg.com/simctl/-/simctl-1.1.1.tgz#e26cc3c04e662250b4457b5b4c48cc12484f3814"
  integrity sha512-yY1WQMq/pneY5jQb2+lFp45qEtcz4yKBu1NOPo2OFDVCkwSkQhpkoaAaO1fWhq4IU0+8TQ2r1PMGSTedP0A/Og==
  dependencies:
    shelljs "^0.2.6"
    tail "^0.4.0"

simple-plist@0.2.1, simple-plist@^0.2.1:
  version "0.2.1"
  resolved "https://registry.yarnpkg.com/simple-plist/-/simple-plist-0.2.1.tgz#71766db352326928cf3a807242ba762322636723"
  integrity sha1-cXZts1IyaSjPOoByQrp2IyJjZyM=
  dependencies:
    bplist-creator "0.0.7"
    bplist-parser "0.1.1"
    plist "2.0.1"

simple-plist@^1.0.0:
  version "1.1.0"
  resolved "https://registry.yarnpkg.com/simple-plist/-/simple-plist-1.1.0.tgz#8354ab63eb3922a054c78ce96c209c532e907a23"
  integrity sha512-2i5Tc0BYAqppM7jVzmNrI+aEUntPolIq4fDgji6WuNNn1D/qYdn2KwoLhZdzQkE04lu9L5tUoeJsjuJAvd+lFg==
  dependencies:
    bplist-creator "0.0.8"
    bplist-parser "0.2.0"
    plist "^3.0.1"

sshpk@^1.7.0:
  version "1.16.1"
  resolved "https://registry.yarnpkg.com/sshpk/-/sshpk-1.16.1.tgz#fb661c0bef29b39db40769ee39fa70093d6f6877"
  integrity sha512-HXXqVUq7+pcKeLqqZj6mHFUMvXtOJt1uoUx09pFW6011inTMxqI8BA8PM95myrIyyKwdnzjdFjLiE6KBPVtJIg==
  dependencies:
    asn1 "~0.2.3"
    assert-plus "^1.0.0"
    bcrypt-pbkdf "^1.0.0"
    dashdash "^1.12.0"
    ecc-jsbn "~0.1.1"
    getpass "^0.1.1"
    jsbn "~0.1.0"
    safer-buffer "^2.0.2"
    tweetnacl "~0.14.0"

stream-buffers@2.2.0, stream-buffers@~2.2.0:
  version "2.2.0"
  resolved "https://registry.yarnpkg.com/stream-buffers/-/stream-buffers-2.2.0.tgz#91d5f5130d1cef96dcfa7f726945188741d09ee4"
  integrity sha1-kdX1Ew0c75bc+n9yaUUYh0HQnuQ=

sw-toolbox@3.6.0:
  version "3.6.0"
  resolved "https://registry.yarnpkg.com/sw-toolbox/-/sw-toolbox-3.6.0.tgz#26df1d1c70348658e4dea2884319149b7b3183b5"
  integrity sha1-Jt8dHHA0hljk3qKIQxkUm3sxg7U=
  dependencies:
    path-to-regexp "^1.0.1"
    serviceworker-cache-polyfill "^4.0.0"

tail@0.4.0, tail@^0.4.0:
  version "0.4.0"
  resolved "https://registry.yarnpkg.com/tail/-/tail-0.4.0.tgz#d29de72750cc99db1e053aff13c359ecfb713002"
  integrity sha1-0p3nJ1DMmdseBTr/E8NZ7PtxMAI=

tough-cookie@~2.5.0:
  version "2.5.0"
  resolved "https://registry.yarnpkg.com/tough-cookie/-/tough-cookie-2.5.0.tgz#cd9fb2a0aa1d5a12b473bd9fb96fa3dcff65ade2"
  integrity sha512-nlLsUzgm1kfLXSXfRZMc1KLAugd4hqJHDTvc2hDIwS3mZAfMEuMbc03SujMF+GEcpaX/qboeycw6iO8JwVv2+g==
  dependencies:
    psl "^1.1.28"
    punycode "^2.1.1"

tunnel-agent@^0.6.0:
  version "0.6.0"
  resolved "https://registry.yarnpkg.com/tunnel-agent/-/tunnel-agent-0.6.0.tgz#27a5dea06b36b04a0a9966774b290868f0fc40fd"
  integrity sha1-J6XeoGs2sEoKmWZ3SykIaPD8QP0=
  dependencies:
    safe-buffer "^5.0.1"

tweetnacl@^0.14.3, tweetnacl@~0.14.0:
  version "0.14.5"
  resolved "https://registry.yarnpkg.com/tweetnacl/-/tweetnacl-0.14.5.tgz#5ae68177f192d4456269d108afa93ff8743f4f64"
  integrity sha1-WuaBd/GS1EViadEIr6k/+HQ/T2Q=

underscore@^1.8.3:
  version "1.10.2"
  resolved "https://registry.yarnpkg.com/underscore/-/underscore-1.10.2.tgz#73d6aa3668f3188e4adb0f1943bd12cfd7efaaaf"
  integrity sha512-N4P+Q/BuyuEKFJ43B9gYuOj4TQUHXX+j2FqguVOpjkssLUUrnJofCcBccJSCoeturDoZU6GorDTHSvUDlSQbTg==

unorm@^1.3.3:
  version "1.6.0"
  resolved "https://registry.yarnpkg.com/unorm/-/unorm-1.6.0.tgz#029b289661fba714f1a9af439eb51d9b16c205af"
  integrity sha512-b2/KCUlYZUeA7JFUuRJZPUtr4gZvBh7tavtv4fvk4+KV9pfGiR6CQAQAWl49ZpR3ts2dk4FYkP7EIgDJoiOLDA==

uri-js@^4.2.2:
  version "4.2.2"
  resolved "https://registry.yarnpkg.com/uri-js/-/uri-js-4.2.2.tgz#94c540e1ff772956e2299507c010aea6c8838eb0"
  integrity sha512-KY9Frmirql91X2Qgjry0Wd4Y+YTdrdZheS8TFwvkbLWf/G5KNJDCh6pKL5OZctEW4+0Baa5idK2ZQuELRwPznQ==
  dependencies:
    punycode "^2.1.0"

uuid@3.0.1:
  version "3.0.1"
  resolved "https://registry.yarnpkg.com/uuid/-/uuid-3.0.1.tgz#6544bba2dfda8c1cf17e629a3a305e2bb1fee6c1"
  integrity sha1-ZUS7ot/ajBzxfmKaOjBeK7H+5sE=

uuid@^3.3.2:
  version "3.4.0"
  resolved "https://registry.yarnpkg.com/uuid/-/uuid-3.4.0.tgz#b23e4358afa8a202fe7a100af1f5f883f02007ee"
  integrity sha512-HjSDRw6gZE5JMggctHBcjVak08+KEVhSIiDzFnT9S9aegmp85S/bReBVTb4QTFaRNptJ9kuYaNhnbNEOkbKb/A==

verror@1.10.0:
  version "1.10.0"
  resolved "https://registry.yarnpkg.com/verror/-/verror-1.10.0.tgz#3a105ca17053af55d6e270c1f8288682e18da400"
  integrity sha1-OhBcoXBTr1XW4nDB+CiGguGNpAA=
  dependencies:
    assert-plus "^1.0.0"
    core-util-is "1.0.2"
    extsprintf "^1.2.0"

wrappy@1:
  version "1.0.2"
  resolved "https://registry.yarnpkg.com/wrappy/-/wrappy-1.0.2.tgz#b5243d8f3ec1aa35f1364605bc0d1036e30ab69f"
  integrity sha1-tSQ9jz7BqjXxNkYFvA0QNuMKtp8=

xcode@0.9.3:
  version "0.9.3"
  resolved "https://registry.yarnpkg.com/xcode/-/xcode-0.9.3.tgz#910a89c16aee6cc0b42ca805a6d0b4cf87211cf3"
  integrity sha1-kQqJwWrubMC0LKgFptC0z4chHPM=
  dependencies:
    pegjs "^0.10.0"
    simple-plist "^0.2.1"
    uuid "3.0.1"

xcode@^2.0.0:
  version "2.1.0"
  resolved "https://registry.yarnpkg.com/xcode/-/xcode-2.1.0.tgz#bab64a7e954bb50ca8d19da7e09531c65a43ecfe"
  integrity sha512-uCrmPITrqTEzhn0TtT57fJaNaw8YJs1aCzs+P/QqxsDbvPZSv7XMPPwXrKvHtD6pLjBM/NaVwraWJm8q83Y4iQ==
  dependencies:
    simple-plist "^1.0.0"
    uuid "^3.3.2"

xml-escape@1.1.0:
  version "1.1.0"
  resolved "https://registry.yarnpkg.com/xml-escape/-/xml-escape-1.1.0.tgz#3904c143fa8eb3a0030ec646d2902a2f1b706c44"
  integrity sha1-OQTBQ/qOs6ADDsZG0pAqLxtwbEQ=

xml2js@^0.4.19:
  version "0.4.23"
  resolved "https://registry.yarnpkg.com/xml2js/-/xml2js-0.4.23.tgz#a0c69516752421eb2ac758ee4d4ccf58843eac66"
  integrity sha512-ySPiMjM0+pLDftHgXY4By0uswI3SPKLDw/i3UXbnO8M/p28zqexCUoPmQFrYD+/1BzhGJSs2i1ERWKJAtiLrug==
  dependencies:
    sax ">=0.6.0"
    xmlbuilder "~11.0.0"

xmlbuilder@8.2.2:
  version "8.2.2"
  resolved "https://registry.yarnpkg.com/xmlbuilder/-/xmlbuilder-8.2.2.tgz#69248673410b4ba42e1a6136551d2922335aa773"
  integrity sha1-aSSGc0ELS6QuGmE2VR0pIjNap3M=

xmlbuilder@^9.0.7:
  version "9.0.7"
  resolved "https://registry.yarnpkg.com/xmlbuilder/-/xmlbuilder-9.0.7.tgz#132ee63d2ec5565c557e20f4c22df9aca686b10d"
  integrity sha1-Ey7mPS7FVlxVfiD0wi35rKaGsQ0=

xmlbuilder@~11.0.0:
  version "11.0.1"
  resolved "https://registry.yarnpkg.com/xmlbuilder/-/xmlbuilder-11.0.1.tgz#be9bae1c8a046e76b31127726347d0ad7002beb3"
  integrity sha512-fDlsI/kFEx7gLvbecc0/ohLG50fugQp8ryHzMTuW9vSa1GJ0XYWKnhsUx7oie3G98+r56aTQIUB4kht42R3JvA==

xmldom@0.1.x:
  version "0.1.31"
  resolved "https://registry.yarnpkg.com/xmldom/-/xmldom-0.1.31.tgz#b76c9a1bd9f0a9737e5a72dc37231cf38375e2ff"
  integrity sha512-yS2uJflVQs6n+CyjHoaBmVSqIDevTAWrzMmjG1Gc7h1qQ7uVozNhEPJAwZXWyGQ/Gafo3fCwrcaokezLPupVyQ==
